
Microsoft Visual Studio Solution File, Format Version 12.00
# Visual Studio Version 16
VisualStudioVersion = 25.0.1705.4
MinimumVisualStudioVersion = 10.0.40219.1
Project("{FAE04EC0-301F-11D3-BF4B-00C04F79EFBC}") = "OriginHeaven", "OriginHeavenMod.csproj", "{D2E23572-F34F-4382-80D2-6F6011DCD44D}"
EndProject
Global
	GlobalSection(SolutionConfigurationPlatforms) = preSolution
		Debug|Any CPU = Debug|Any CPU
		Release|Any CPU = Release|Any CPU
	EndGlobalSection
	GlobalSection(ProjectConfigurationPlatforms) = postSolution
		{D2E23572-F34F-4382-80D2-6F6011DCD44D}.Debug|Any CPU.ActiveCfg = Debug|Any CPU
		{D2E23572-F34F-4382-80D2-6F6011DCD44D}.Debug|Any CPU.Build.0 = Debug|Any CPU
		{D2E23572-F34F-4382-80D2-6F6011DCD44D}.Release|Any CPU.ActiveCfg = Release|Any CPU
		{D2E23572-F34F-4382-80D2-6F6011DCD44D}.Release|Any CPU.Build.0 = Release|Any CPU
	EndGlobalSection
	GlobalSection(SolutionProperties) = preSolution
		HideSolutionNode = FALSE
	EndGlobalSection
	GlobalSection(ExtensibilityGlobals) = postSolution
		SolutionGuid = {9F244533-8DF8-4B14-B0A7-69FBCD0740BF}
	EndGlobalSection
EndGlobal
